
Microsoft Visual Studio Solution File, Format Version 12.00
# Visual Studio 15
VisualStudioVersion = 15.0.28307.136
MinimumVisualStudioVersion = 10.0.40219.1
Project("{FAE04EC0-301F-11D3-BF4B-00C04F79EFBC}") = "Threading.Contrib", "Threading.Contrib\Threading.Contrib.csproj", "{09CCBE09-4C70-4149-857A-0C5E27C4C14D}"
EndProject
Global
	GlobalSection(SolutionConfigurationPlatforms) = preSolution
		Debug|Any CPU = Debug|Any CPU
		Release|Any CPU = Release|Any CPU
	EndGlobalSection
	GlobalSection(ProjectConfigurationPlatforms) = postSolution
		{09CCBE09-4C70-4149-857A-0C5E27C4C14D}.Debug|Any CPU.ActiveCfg = Debug|Any CPU
		{09CCBE09-4C70-4149-857A-0C5E27C4C14D}.Debug|Any CPU.Build.0 = Debug|Any CPU
		{09CCBE09-4C70-4149-857A-0C5E27C4C14D}.Release|Any CPU.ActiveCfg = Release|Any CPU
		{09CCBE09-4C70-4149-857A-0C5E27C4C14D}.Release|Any CPU.Build.0 = Release|Any CPU
	EndGlobalSection
	GlobalSection(SolutionProperties) = preSolution
		HideSolutionNode = FALSE
	EndGlobalSection
	GlobalSection(ExtensibilityGlobals) = postSolution
		SolutionGuid = {13C84FC6-28C1-4347-A162-96FF8BD3EBD0}
	EndGlobalSection
EndGlobal
